
Microsoft Visual Studio Solution File, Format Version 12.00
# Visual Studio 15
VisualStudioVersion = 15.0.27004.2005
MinimumVisualStudioVersion = 10.0.40219.1
Project("{FAE04EC0-301F-11D3-BF4B-00C04F79EFBC}") = "CSharpLabs1-2", "CSharpLabs1-2\CSharpLabs1-2.csproj", "{6B38669D-FD3A-4015-82DB-6F7E04838DD7}"
EndProject
Project("{FAE04EC0-301F-11D3-BF4B-00C04F79EFBC}") = "CSharpLabs1-1", "CSharpLabs1-1\CSharpLabs1-1.csproj", "{83227F63-7A2F-43A1-8FF9-918589858F65}"
EndProject
Project("{FAE04EC0-301F-11D3-BF4B-00C04F79EFBC}") = "CSharpLabs1-3", "CSharpLabs1-3\CSharpLabs1-3.csproj", "{20C2BE96-AF15-4195-AD7E-74DC39BA94FB}"
EndProject
Project("{FAE04EC0-301F-11D3-BF4B-00C04F79EFBC}") = "CSharpLabs1-4", "CSharpLabs1-4\CSharpLabs1-4.csproj", "{C8CD61B5-60B8-4A21-96FD-9C4EF70D21DF}"
EndProject
Project("{FAE04EC0-301F-11D3-BF4B-00C04F79EFBC}") = "CSharpLabs2-1", "CSharpLabs2-1\CSharpLabs2-1.csproj", "{041D7FC1-DA1E-46B6-8405-C612648304C9}"
EndProject
Project("{FAE04EC0-301F-11D3-BF4B-00C04F79EFBC}") = "CSharpLabs2-2", "CSharpLabs2-2\CSharpLabs2-2.csproj", "{15247996-473C-4DC9-AE0E-86CE7839969A}"
EndProject
Project("{FAE04EC0-301F-11D3-BF4B-00C04F79EFBC}") = "CSharpLabs2-3", "CSharpLabs2-3\CSharpLabs2-3.csproj", "{4E17D190-C619-4CE9-B007-F8635DF5CF52}"
EndProject
Project("{FAE04EC0-301F-11D3-BF4B-00C04F79EFBC}") = "CSharpLabs2-4", "CSharpLabs2-4\CSharpLabs2-4.csproj", "{AFBC1477-CA91-4B45-8606-A73913102433}"
EndProject
Project("{FAE04EC0-301F-11D3-BF4B-00C04F79EFBC}") = "CSharpLabs2-5", "CSharpLabs2-5\CSharpLabs2-5.csproj", "{D7F5CF6C-AE49-465B-BE7C-C7CE1768F464}"
EndProject
Global
	GlobalSection(SolutionConfigurationPlatforms) = preSolution
		Debug|Any CPU = Debug|Any CPU
		Release|Any CPU = Release|Any CPU
	EndGlobalSection
	GlobalSection(ProjectConfigurationPlatforms) = postSolution
		{6B38669D-FD3A-4015-82DB-6F7E04838DD7}.Debug|Any CPU.ActiveCfg = Debug|Any CPU
		{6B38669D-FD3A-4015-82DB-6F7E04838DD7}.Debug|Any CPU.Build.0 = Debug|Any CPU
		{6B38669D-FD3A-4015-82DB-6F7E04838DD7}.Release|Any CPU.ActiveCfg = Release|Any CPU
		{6B38669D-FD3A-4015-82DB-6F7E04838DD7}.Release|Any CPU.Build.0 = Release|Any CPU
		{83227F63-7A2F-43A1-8FF9-918589858F65}.Debug|Any CPU.ActiveCfg = Debug|Any CPU
		{83227F63-7A2F-43A1-8FF9-918589858F65}.Debug|Any CPU.Build.0 = Debug|Any CPU
		{83227F63-7A2F-43A1-8FF9-918589858F65}.Release|Any CPU.ActiveCfg = Release|Any CPU
		{83227F63-7A2F-43A1-8FF9-918589858F65}.Release|Any CPU.Build.0 = Release|Any CPU
		{20C2BE96-AF15-4195-AD7E-74DC39BA94FB}.Debug|Any CPU.ActiveCfg = Debug|Any CPU
		{20C2BE96-AF15-4195-AD7E-74DC39BA94FB}.Debug|Any CPU.Build.0 = Debug|Any CPU
		{20C2BE96-AF15-4195-AD7E-74DC39BA94FB}.Release|Any CPU.ActiveCfg = Release|Any CPU
		{20C2BE96-AF15-4195-AD7E-74DC39BA94FB}.Release|Any CPU.Build.0 = Release|Any CPU
		{C8CD61B5-60B8-4A21-96FD-9C4EF70D21DF}.Debug|Any CPU.ActiveCfg = Debug|Any CPU
		{C8CD61B5-60B8-4A21-96FD-9C4EF70D21DF}.Debug|Any CPU.Build.0 = Debug|Any CPU
		{C8CD61B5-60B8-4A21-96FD-9C4EF70D21DF}.Release|Any CPU.ActiveCfg = Release|Any CPU
		{C8CD61B5-60B8-4A21-96FD-9C4EF70D21DF}.Release|Any CPU.Build.0 = Release|Any CPU
		{041D7FC1-DA1E-46B6-8405-C612648304C9}.Debug|Any CPU.ActiveCfg = Debug|Any CPU
		{041D7FC1-DA1E-46B6-8405-C612648304C9}.Debug|Any CPU.Build.0 = Debug|Any CPU
		{041D7FC1-DA1E-46B6-8405-C612648304C9}.Release|Any CPU.ActiveCfg = Release|Any CPU
		{041D7FC1-DA1E-46B6-8405-C612648304C9}.Release|Any CPU.Build.0 = Release|Any CPU
		{15247996-473C-4DC9-AE0E-86CE7839969A}.Debug|Any CPU.ActiveCfg = Debug|Any CPU
		{15247996-473C-4DC9-AE0E-86CE7839969A}.Debug|Any CPU.Build.0 = Debug|Any CPU
		{15247996-473C-4DC9-AE0E-86CE7839969A}.Release|Any CPU.ActiveCfg = Release|Any CPU
		{15247996-473C-4DC9-AE0E-86CE7839969A}.Release|Any CPU.Build.0 = Release|Any CPU
		{4E17D190-C619-4CE9-B007-F8635DF5CF52}.Debug|Any CPU.ActiveCfg = Debug|Any CPU
		{4E17D190-C619-4CE9-B007-F8635DF5CF52}.Debug|Any CPU.Build.0 = Debug|Any CPU
		{4E17D190-C619-4CE9-B007-F8635DF5CF52}.Release|Any CPU.ActiveCfg = Release|Any CPU
		{4E17D190-C619-4CE9-B007-F8635DF5CF52}.Release|Any CPU.Build.0 = Release|Any CPU
		{AFBC1477-CA91-4B45-8606-A73913102433}.Debug|Any CPU.ActiveCfg = Debug|Any CPU
		{AFBC1477-CA91-4B45-8606-A73913102433}.Debug|Any CPU.Build.0 = Debug|Any CPU
		{AFBC1477-CA91-4B45-8606-A73913102433}.Release|Any CPU.ActiveCfg = Release|Any CPU
		{AFBC1477-CA91-4B45-8606-A73913102433}.Release|Any CPU.Build.0 = Release|Any CPU
		{D7F5CF6C-AE49-465B-BE7C-C7CE1768F464}.Debug|Any CPU.ActiveCfg = Debug|Any CPU
		{D7F5CF6C-AE49-465B-BE7C-C7CE1768F464}.Debug|Any CPU.Build.0 = Debug|Any CPU
		{D7F5CF6C-AE49-465B-BE7C-C7CE1768F464}.Release|Any CPU.ActiveCfg = Release|Any CPU
		{D7F5CF6C-AE49-465B-BE7C-C7CE1768F464}.Release|Any CPU.Build.0 = Release|Any CPU
	EndGlobalSection
	GlobalSection(SolutionProperties) = preSolution
		HideSolutionNode = FALSE
	EndGlobalSection
	GlobalSection(ExtensibilityGlobals) = postSolution
		SolutionGuid = {5C29700D-EC73-411B-910B-E150A7F26715}
	EndGlobalSection
EndGlobal
